
Microsoft Visual Studio Solution File, Format Version 12.00
Project("{FAE04EC0-301F-11D3-BF4B-00C04F79EFBC}") = "Vidly", "Vidly\Vidly.csproj", "{82BD7DB0-CF59-4174-880A-56E611C96FA0}"
EndProject
Global
	GlobalSection(SolutionConfigurationPlatforms) = preSolution
		Debug|Any CPU = Debug|Any CPU
		Release|Any CPU = Release|Any CPU
	EndGlobalSection
	GlobalSection(ProjectConfigurationPlatforms) = postSolution
		{82BD7DB0-CF59-4174-880A-56E611C96FA0}.Debug|Any CPU.ActiveCfg = Debug|Any CPU
		{82BD7DB0-CF59-4174-880A-56E611C96FA0}.Debug|Any CPU.Build.0 = Debug|Any CPU
		{82BD7DB0-CF59-4174-880A-56E611C96FA0}.Release|Any CPU.ActiveCfg = Release|Any CPU
		{82BD7DB0-CF59-4174-880A-56E611C96FA0}.Release|Any CPU.Build.0 = Release|Any CPU
	EndGlobalSection
EndGlobal
